
Microsoft Visual Studio Solution File, Format Version 12.00
# Visual Studio Version 17
VisualStudioVersion = 17.9.34728.123
MinimumVisualStudioVersion = 10.0.40219.1
Project("{FAE04EC0-301F-11D3-BF4B-00C04F79EFBC}") = "R00ster", "R00ster.csproj", "{E8AA5F67-FCA6-45CB-9BB3-19071818B663}"
EndProject
Global
	GlobalSection(SolutionConfigurationPlatforms) = preSolution
		Debug|Any CPU = Debug|Any CPU
		Release|Any CPU = Release|Any CPU
	EndGlobalSection
	GlobalSection(ProjectConfigurationPlatforms) = postSolution
		{E8AA5F67-FCA6-45CB-9BB3-19071818B663}.Debug|Any CPU.ActiveCfg = Debug|Any CPU
		{E8AA5F67-FCA6-45CB-9BB3-19071818B663}.Debug|Any CPU.Build.0 = Debug|Any CPU
		{E8AA5F67-FCA6-45CB-9BB3-19071818B663}.Release|Any CPU.ActiveCfg = Release|Any CPU
		{E8AA5F67-FCA6-45CB-9BB3-19071818B663}.Release|Any CPU.Build.0 = Release|Any CPU
	EndGlobalSection
	GlobalSection(SolutionProperties) = preSolution
		HideSolutionNode = FALSE
	EndGlobalSection
	GlobalSection(ExtensibilityGlobals) = postSolution
		SolutionGuid = {07A4487C-5D80-4821-84DD-F01BD2E7A503}
	EndGlobalSection
EndGlobal
